
Microsoft Visual Studio Solution File, Format Version 12.00
# Visual Studio Version 16
VisualStudioVersion = 16.0.31727.386
MinimumVisualStudioVersion = 10.0.40219.1
Project("{FAE04EC0-301F-11D3-BF4B-00C04F79EFBC}") = "d2r-pwe-client", "d2r-pwe-client\d2r-pwe-client.csproj", "{A55DC1C9-FF3B-4C41-B768-DA082D4307B0}"
EndProject
Global
	GlobalSection(SolutionConfigurationPlatforms) = preSolution
		Debug|Any CPU = Debug|Any CPU
		Release|Any CPU = Release|Any CPU
	EndGlobalSection
	GlobalSection(ProjectConfigurationPlatforms) = postSolution
		{A55DC1C9-FF3B-4C41-B768-DA082D4307B0}.Debug|Any CPU.ActiveCfg = Debug|Any CPU
		{A55DC1C9-FF3B-4C41-B768-DA082D4307B0}.Debug|Any CPU.Build.0 = Debug|Any CPU
		{A55DC1C9-FF3B-4C41-B768-DA082D4307B0}.Release|Any CPU.ActiveCfg = Release|Any CPU
		{A55DC1C9-FF3B-4C41-B768-DA082D4307B0}.Release|Any CPU.Build.0 = Release|Any CPU
	EndGlobalSection
	GlobalSection(SolutionProperties) = preSolution
		HideSolutionNode = FALSE
	EndGlobalSection
	GlobalSection(ExtensibilityGlobals) = postSolution
		SolutionGuid = {922A3BF7-067B-4CC6-B3B4-78C9141453B1}
	EndGlobalSection
EndGlobal
